
Microsoft Visual Studio Solution File, Format Version 12.00
# Visual Studio Version 17
VisualStudioVersion = 17.11.35312.102
MinimumVisualStudioVersion = 10.0.40219.1
Project("{FAE04EC0-301F-11D3-BF4B-00C04F79EFBC}") = "liczeniewlosow", "liczeniewlosow\liczeniewlosow.csproj", "{8F577CAC-BE63-48C0-B16C-E89C7FE21339}"
EndProject
Global
	GlobalSection(SolutionConfigurationPlatforms) = preSolution
		Debug|Any CPU = Debug|Any CPU
		Release|Any CPU = Release|Any CPU
	EndGlobalSection
	GlobalSection(ProjectConfigurationPlatforms) = postSolution
		{8F577CAC-BE63-48C0-B16C-E89C7FE21339}.Debug|Any CPU.ActiveCfg = Debug|Any CPU
		{8F577CAC-BE63-48C0-B16C-E89C7FE21339}.Debug|Any CPU.Build.0 = Debug|Any CPU
		{8F577CAC-BE63-48C0-B16C-E89C7FE21339}.Release|Any CPU.ActiveCfg = Release|Any CPU
		{8F577CAC-BE63-48C0-B16C-E89C7FE21339}.Release|Any CPU.Build.0 = Release|Any CPU
	EndGlobalSection
	GlobalSection(SolutionProperties) = preSolution
		HideSolutionNode = FALSE
	EndGlobalSection
	GlobalSection(ExtensibilityGlobals) = postSolution
		SolutionGuid = {34C47B86-C00E-4DD6-A974-6FF169698736}
	EndGlobalSection
EndGlobal
